
Microsoft Visual Studio Solution File, Format Version 12.00
# Visual Studio 15
Project("{FAE04EC0-301F-11D3-BF4B-00C04F79EFBC}") = "Assembly-CSharp", "Assembly-CSharp.csproj", "{F17607C8-9E48-8D93-720A-FB01CA86D92B}"
EndProject
Project("{FAE04EC0-301F-11D3-BF4B-00C04F79EFBC}") = "Oculus.VR", "Oculus.VR.csproj", "{8CC73C21-7C4E-484A-322F-7D40A6812558}"
EndProject
Project("{FAE04EC0-301F-11D3-BF4B-00C04F79EFBC}") = "Assembly-CSharp-Editor", "Assembly-CSharp-Editor.csproj", "{992E3ED5-2BB4-ECA6-6D11-B776A5AC17BE}"
EndProject
Project("{FAE04EC0-301F-11D3-BF4B-00C04F79EFBC}") = "Oculus.VR.Scripts.Editor", "Oculus.VR.Scripts.Editor.csproj", "{BF108C5D-8F20-B0C8-42C1-11E76B01063A}"
EndProject
Project("{FAE04EC0-301F-11D3-BF4B-00C04F79EFBC}") = "Oculus.VR.Editor", "Oculus.VR.Editor.csproj", "{79B40AFE-B7CE-C995-E568-3C5CCA404468}"
EndProject
Global
	GlobalSection(SolutionConfigurationPlatforms) = preSolution
		Debug|Any CPU = Debug|Any CPU
		Release|Any CPU = Release|Any CPU
	EndGlobalSection
	GlobalSection(ProjectConfigurationPlatforms) = postSolution
		{F17607C8-9E48-8D93-720A-FB01CA86D92B}.Debug|Any CPU.ActiveCfg = Debug|Any CPU
		{F17607C8-9E48-8D93-720A-FB01CA86D92B}.Debug|Any CPU.Build.0 = Debug|Any CPU
		{F17607C8-9E48-8D93-720A-FB01CA86D92B}.Release|Any CPU.ActiveCfg = Release|Any CPU
		{F17607C8-9E48-8D93-720A-FB01CA86D92B}.Release|Any CPU.Build.0 = Release|Any CPU
		{8CC73C21-7C4E-484A-322F-7D40A6812558}.Debug|Any CPU.ActiveCfg = Debug|Any CPU
		{8CC73C21-7C4E-484A-322F-7D40A6812558}.Debug|Any CPU.Build.0 = Debug|Any CPU
		{8CC73C21-7C4E-484A-322F-7D40A6812558}.Release|Any CPU.ActiveCfg = Release|Any CPU
		{8CC73C21-7C4E-484A-322F-7D40A6812558}.Release|Any CPU.Build.0 = Release|Any CPU
		{992E3ED5-2BB4-ECA6-6D11-B776A5AC17BE}.Debug|Any CPU.ActiveCfg = Debug|Any CPU
		{992E3ED5-2BB4-ECA6-6D11-B776A5AC17BE}.Debug|Any CPU.Build.0 = Debug|Any CPU
		{992E3ED5-2BB4-ECA6-6D11-B776A5AC17BE}.Release|Any CPU.ActiveCfg = Release|Any CPU
		{992E3ED5-2BB4-ECA6-6D11-B776A5AC17BE}.Release|Any CPU.Build.0 = Release|Any CPU
		{BF108C5D-8F20-B0C8-42C1-11E76B01063A}.Debug|Any CPU.ActiveCfg = Debug|Any CPU
		{BF108C5D-8F20-B0C8-42C1-11E76B01063A}.Debug|Any CPU.Build.0 = Debug|Any CPU
		{BF108C5D-8F20-B0C8-42C1-11E76B01063A}.Release|Any CPU.ActiveCfg = Release|Any CPU
		{BF108C5D-8F20-B0C8-42C1-11E76B01063A}.Release|Any CPU.Build.0 = Release|Any CPU
		{79B40AFE-B7CE-C995-E568-3C5CCA404468}.Debug|Any CPU.ActiveCfg = Debug|Any CPU
		{79B40AFE-B7CE-C995-E568-3C5CCA404468}.Debug|Any CPU.Build.0 = Debug|Any CPU
		{79B40AFE-B7CE-C995-E568-3C5CCA404468}.Release|Any CPU.ActiveCfg = Release|Any CPU
		{79B40AFE-B7CE-C995-E568-3C5CCA404468}.Release|Any CPU.Build.0 = Release|Any CPU
	EndGlobalSection
	GlobalSection(SolutionProperties) = preSolution
		HideSolutionNode = FALSE
	EndGlobalSection
EndGlobal
